
Microsoft Visual Studio Solution File, Format Version 12.00
# Visual Studio 15
VisualStudioVersion = 15.0.27703.2018
MinimumVisualStudioVersion = 10.0.40219.1
Project("{FAE04EC0-301F-11D3-BF4B-00C04F79EFBC}") = "CareerCloud.Pocos", "CareerCloud.Pocos\CareerCloud.Pocos.csproj", "{CEC4B272-CE4B-4625-BD29-0790AE8A69AF}"
EndProject
Project("{FAE04EC0-301F-11D3-BF4B-00C04F79EFBC}") = "CareerCloud.DataAccessLayer", "CareerCloud.DataAccessLayer\CareerCloud.DataAccessLayer.csproj", "{7D23C2E8-668E-45A9-9668-52D4D55E46F2}"
EndProject
Project("{FAE04EC0-301F-11D3-BF4B-00C04F79EFBC}") = "CareerCloud.ADODataAccessLayer", "CareerCloud.ADODataAccessLayer\CareerCloud.ADODataAccessLayer.csproj", "{FAB42AE8-CAF3-4C94-AC9E-B6B6D2EA354A}"
EndProject
Project("{FAE04EC0-301F-11D3-BF4B-00C04F79EFBC}") = "CareerCloud.BusinessLogicLayer", "CareerCloud.BusinessLogicLayer\CareerCloud.BusinessLogicLayer.csproj", "{82019943-D010-4D73-93C7-16A53A5608A7}"
EndProject
Project("{FAE04EC0-301F-11D3-BF4B-00C04F79EFBC}") = "CareerCloud.EntityFrameworkDataAccess", "CareerCloud.EntityFrameworkDataAccess\CareerCloud.EntityFrameworkDataAccess.csproj", "{15F249C3-4E59-425A-9989-41C7154091B0}"
EndProject
Project("{FAE04EC0-301F-11D3-BF4B-00C04F79EFBC}") = "CareerCloud.WCF", "CareerCloud.WCF\CareerCloud.WCF.csproj", "{29599622-17CE-4F0D-B393-A508781C686A}"
EndProject
Project("{FAE04EC0-301F-11D3-BF4B-00C04F79EFBC}") = "CareerCloud.UnitTests.Assignment5", "CareerCloud.UnitTests.Assignment5\CareerCloud.UnitTests.Assignment5\CareerCloud.UnitTests.Assignment5.csproj", "{943928D9-1890-4404-A8AF-5FF14079C136}"
EndProject
Global
	GlobalSection(SolutionConfigurationPlatforms) = preSolution
		Debug|Any CPU = Debug|Any CPU
		Release|Any CPU = Release|Any CPU
	EndGlobalSection
	GlobalSection(ProjectConfigurationPlatforms) = postSolution
		{CEC4B272-CE4B-4625-BD29-0790AE8A69AF}.Debug|Any CPU.ActiveCfg = Debug|Any CPU
		{CEC4B272-CE4B-4625-BD29-0790AE8A69AF}.Debug|Any CPU.Build.0 = Debug|Any CPU
		{CEC4B272-CE4B-4625-BD29-0790AE8A69AF}.Release|Any CPU.ActiveCfg = Release|Any CPU
		{CEC4B272-CE4B-4625-BD29-0790AE8A69AF}.Release|Any CPU.Build.0 = Release|Any CPU
		{7D23C2E8-668E-45A9-9668-52D4D55E46F2}.Debug|Any CPU.ActiveCfg = Debug|Any CPU
		{7D23C2E8-668E-45A9-9668-52D4D55E46F2}.Debug|Any CPU.Build.0 = Debug|Any CPU
		{7D23C2E8-668E-45A9-9668-52D4D55E46F2}.Release|Any CPU.ActiveCfg = Release|Any CPU
		{7D23C2E8-668E-45A9-9668-52D4D55E46F2}.Release|Any CPU.Build.0 = Release|Any CPU
		{FAB42AE8-CAF3-4C94-AC9E-B6B6D2EA354A}.Debug|Any CPU.ActiveCfg = Debug|Any CPU
		{FAB42AE8-CAF3-4C94-AC9E-B6B6D2EA354A}.Debug|Any CPU.Build.0 = Debug|Any CPU
		{FAB42AE8-CAF3-4C94-AC9E-B6B6D2EA354A}.Release|Any CPU.ActiveCfg = Release|Any CPU
		{FAB42AE8-CAF3-4C94-AC9E-B6B6D2EA354A}.Release|Any CPU.Build.0 = Release|Any CPU
		{82019943-D010-4D73-93C7-16A53A5608A7}.Debug|Any CPU.ActiveCfg = Debug|Any CPU
		{82019943-D010-4D73-93C7-16A53A5608A7}.Debug|Any CPU.Build.0 = Debug|Any CPU
		{82019943-D010-4D73-93C7-16A53A5608A7}.Release|Any CPU.ActiveCfg = Release|Any CPU
		{82019943-D010-4D73-93C7-16A53A5608A7}.Release|Any CPU.Build.0 = Release|Any CPU
		{15F249C3-4E59-425A-9989-41C7154091B0}.Debug|Any CPU.ActiveCfg = Debug|Any CPU
		{15F249C3-4E59-425A-9989-41C7154091B0}.Debug|Any CPU.Build.0 = Debug|Any CPU
		{15F249C3-4E59-425A-9989-41C7154091B0}.Release|Any CPU.ActiveCfg = Release|Any CPU
		{15F249C3-4E59-425A-9989-41C7154091B0}.Release|Any CPU.Build.0 = Release|Any CPU
		{29599622-17CE-4F0D-B393-A508781C686A}.Debug|Any CPU.ActiveCfg = Debug|Any CPU
		{29599622-17CE-4F0D-B393-A508781C686A}.Debug|Any CPU.Build.0 = Debug|Any CPU
		{29599622-17CE-4F0D-B393-A508781C686A}.Release|Any CPU.ActiveCfg = Release|Any CPU
		{29599622-17CE-4F0D-B393-A508781C686A}.Release|Any CPU.Build.0 = Release|Any CPU
		{943928D9-1890-4404-A8AF-5FF14079C136}.Debug|Any CPU.ActiveCfg = Debug|Any CPU
		{943928D9-1890-4404-A8AF-5FF14079C136}.Debug|Any CPU.Build.0 = Debug|Any CPU
		{943928D9-1890-4404-A8AF-5FF14079C136}.Release|Any CPU.ActiveCfg = Release|Any CPU
		{943928D9-1890-4404-A8AF-5FF14079C136}.Release|Any CPU.Build.0 = Release|Any CPU
	EndGlobalSection
	GlobalSection(SolutionProperties) = preSolution
		HideSolutionNode = FALSE
	EndGlobalSection
	GlobalSection(ExtensibilityGlobals) = postSolution
		SolutionGuid = {F4AD5EED-6084-4376-BA28-5FBE044B9100}
	EndGlobalSection
EndGlobal
